PODS:
  - Masonry (1.1.0)
  - TDSensitive (0.1.0):
    - ThinkingDataCore (>= 1.0.1)
  - ThinkingDataCore (1.3.0):
    - ThinkingDataCore/Main (= 1.3.0)
  - ThinkingDataCore/iOS (1.3.0)
  - ThinkingDataCore/Main (1.3.0):
    - ThinkingDataCore/iOS
    - ThinkingDataCore/OSX
    - ThinkingDataCore/tvOS
    - ThinkingDataCore/versionOS
    - ThinkingDataCore/watchOS
  - ThinkingSDK (3.2.0-beta.1):
    - ThinkingSDK/Main (= 3.2.0-beta.1)
  - ThinkingSDK/iOS (3.2.0-beta.1):
    - ThinkingDataCore (= 1.3.0)
  - ThinkingSDK/Main (3.2.0-beta.1):
    - ThinkingSDK/iOS
    - ThinkingSDK/OSX

DEPENDENCIES:
  - Masonry
  - TDSensitive (from `../`)
  - ThinkingDataCore (from `../../thinkingdatacore-ios-sdk/`)
  - ThinkingSDK (from `../../ios-sdk/`)

SPEC REPOS:
  trunk:
    - Masonry

EXTERNAL SOURCES:
  TDSensitive:
    :path: "../"
  ThinkingDataCore:
    :path: "../../thinkingdatacore-ios-sdk/"
  ThinkingSDK:
    :path: "../../ios-sdk/"

SPEC CHECKSUMS:
  Masonry: 678fab65091a9290e40e2832a55e7ab731aad201
  TDSensitive: 0fffe0b1690e7b98e934307e01898f659f340ea2
  ThinkingDataCore: 2aa78bbbcff03db1ee04ede3cb22a0ccd8a05f87
  ThinkingSDK: 8e1ee35d287afacd3ff6be60efb4f07257350559

PODFILE CHECKSUM: 3b6041c88ea642f7f33f4871fcd05892a79aee2f

COCOAPODS: 1.16.2
